
Microsoft Visual Studio Solution File, Format Version 12.00
# Visual Studio Version 17
VisualStudioVersion = 17.0.31903.59
MinimumVisualStudioVersion = 10.0.40219.1
Project("{2150E333-8FDC-42A3-9474-1A3956D46DE8}") = "src", "src", "{827E0CD3-B72D-47B6-A68D-7590B98EB39B}"
EndProject
Project("{FAE04EC0-301F-11D3-BF4B-00C04F79EFBC}") = "Sangam.Admin.Web", "src\Sangam.Admin.Web\Sangam.Admin.Web.csproj", "{0CA1EF59-BDDA-4453-B82C-1B72F94F363D}"
EndProject
Project("{FAE04EC0-301F-11D3-BF4B-00C04F79EFBC}") = "Sangam.Identity.Application", "src\Sangam.Identity.Application\Sangam.Identity.Application.csproj", "{14DA96E8-633C-42BE-B3E3-EA6A752CBE62}"
EndProject
Project("{FAE04EC0-301F-11D3-BF4B-00C04F79EFBC}") = "Sangam.Identity.Domain", "src\Sangam.Identity.Domain\Sangam.Identity.Domain.csproj", "{F2EE3848-CC2B-4E0C-B30B-13CC1776D227}"
EndProject
Project("{FAE04EC0-301F-11D3-BF4B-00C04F79EFBC}") = "Sangam.Shared", "src\Sangam.Shared\Sangam.Shared.csproj", "{DBFE2BF4-0352-4DB2-9ACC-DF64CEFF7CEC}"
EndProject
Project("{FAE04EC0-301F-11D3-BF4B-00C04F79EFBC}") = "Sangam.Identity.Infrastructure", "src\Sangam.Identity.Infrastructure\Sangam.Identity.Infrastructure.csproj", "{08A89F3E-6ACB-4C63-8DCA-8D88424AB147}"
EndProject
Project("{FAE04EC0-301F-11D3-BF4B-00C04F79EFBC}") = "Sangam.Web.Shared", "src\Sangam.Web.Shared\Sangam.Web.Shared.csproj", "{3FF179EB-3DC4-4CAE-9795-5C27934C0030}"
EndProject
Project("{FAE04EC0-301F-11D3-BF4B-00C04F79EFBC}") = "Sangam.Client", "src\Sangam.Client\Sangam.Client.csproj", "{7558038D-9E86-4726-8DB6-5941DFEDE53D}"
EndProject
Project("{FAE04EC0-301F-11D3-BF4B-00C04F79EFBC}") = "Sangam.Identity.Server", "src\Sangam.Identity.Server\Sangam.Identity.Server.csproj", "{356D37A6-2AF2-416B-9BE2-BD20BEE90349}"
EndProject
Project("{FAE04EC0-301F-11D3-BF4B-00C04F79EFBC}") = "Sangam.SelfService.Web", "src\Sangam.SelfService.Web\Sangam.SelfService.Web.csproj", "{2340ED32-24DF-4836-B73B-9D8CE90AA533}"
EndProject
Project("{2150E333-8FDC-42A3-9474-1A3956D46DE8}") = "tests", "tests", "{0AB3BF05-4346-4AA6-1389-037BE0695223}"
EndProject
Project("{FAE04EC0-301F-11D3-BF4B-00C04F79EFBC}") = "Sangam.Admin.Web.Tests", "tests\Sangam.Admin.Web.Tests\Sangam.Admin.Web.Tests.csproj", "{55EA754D-76A3-4DCA-818A-6A8355FF1264}"
EndProject
Project("{FAE04EC0-301F-11D3-BF4B-00C04F79EFBC}") = "Sangam.Client.Tests", "tests\Sangam.Client.Tests\Sangam.Client.Tests.csproj", "{71CFB7E3-7C7D-4389-B80A-D2E276E36B8A}"
EndProject
Project("{FAE04EC0-301F-11D3-BF4B-00C04F79EFBC}") = "Sangam.Identity.Application.Tests", "tests\Sangam.Identity.Application.Tests\Sangam.Identity.Application.Tests.csproj", "{64AC2346-0027-4A03-8984-1638E5A9A288}"
EndProject
Project("{FAE04EC0-301F-11D3-BF4B-00C04F79EFBC}") = "Sangam.Identity.Domain.Tests", "tests\Sangam.Identity.Domain.Tests\Sangam.Identity.Domain.Tests.csproj", "{894812C6-BA48-45DE-9B91-167EC6A24F54}"
EndProject
Project("{FAE04EC0-301F-11D3-BF4B-00C04F79EFBC}") = "Sangam.Identity.Infrastructure.Tests", "tests\Sangam.Identity.Infrastructure.Tests\Sangam.Identity.Infrastructure.Tests.csproj", "{5900E102-D13B-4428-826A-CB4FF08F9B27}"
EndProject
Project("{FAE04EC0-301F-11D3-BF4B-00C04F79EFBC}") = "Sangam.Identity.Server.Tests", "tests\Sangam.Identity.Server.Tests\Sangam.Identity.Server.Tests.csproj", "{B7223CE5-8672-45F9-A59D-73B53232416A}"
EndProject
Project("{FAE04EC0-301F-11D3-BF4B-00C04F79EFBC}") = "Sangam.SelfService.Web.Tests", "tests\Sangam.SelfService.Web.Tests\Sangam.SelfService.Web.Tests.csproj", "{031B2251-9D3A-4816-8774-4E4740E5E852}"
EndProject
Project("{FAE04EC0-301F-11D3-BF4B-00C04F79EFBC}") = "Sangam.Shared.Tests", "tests\Sangam.Shared.Tests\Sangam.Shared.Tests.csproj", "{0287608E-618C-4A25-A6EE-9A7889E86AD3}"
EndProject
Project("{FAE04EC0-301F-11D3-BF4B-00C04F79EFBC}") = "Sangam.Web.Shared.Tests", "tests\Sangam.Web.Shared.Tests\Sangam.Web.Shared.Tests.csproj", "{E0080004-26BE-49C8-9689-2656C3B00CE4}"
EndProject
Global
	GlobalSection(SolutionConfigurationPlatforms) = preSolution
		Debug|Any CPU = Debug|Any CPU
		Debug|x64 = Debug|x64
		Debug|x86 = Debug|x86
		Release|Any CPU = Release|Any CPU
		Release|x64 = Release|x64
		Release|x86 = Release|x86
	EndGlobalSection
	GlobalSection(ProjectConfigurationPlatforms) = postSolution
		{0CA1EF59-BDDA-4453-B82C-1B72F94F363D}.Debug|Any CPU.ActiveCfg = Debug|Any CPU
		{0CA1EF59-BDDA-4453-B82C-1B72F94F363D}.Debug|Any CPU.Build.0 = Debug|Any CPU
		{0CA1EF59-BDDA-4453-B82C-1B72F94F363D}.Debug|x64.ActiveCfg = Debug|Any CPU
		{0CA1EF59-BDDA-4453-B82C-1B72F94F363D}.Debug|x64.Build.0 = Debug|Any CPU
		{0CA1EF59-BDDA-4453-B82C-1B72F94F363D}.Debug|x86.ActiveCfg = Debug|Any CPU
		{0CA1EF59-BDDA-4453-B82C-1B72F94F363D}.Debug|x86.Build.0 = Debug|Any CPU
		{0CA1EF59-BDDA-4453-B82C-1B72F94F363D}.Release|Any CPU.ActiveCfg = Release|Any CPU
		{0CA1EF59-BDDA-4453-B82C-1B72F94F363D}.Release|Any CPU.Build.0 = Release|Any CPU
		{0CA1EF59-BDDA-4453-B82C-1B72F94F363D}.Release|x64.ActiveCfg = Release|Any CPU
		{0CA1EF59-BDDA-4453-B82C-1B72F94F363D}.Release|x64.Build.0 = Release|Any CPU
		{0CA1EF59-BDDA-4453-B82C-1B72F94F363D}.Release|x86.ActiveCfg = Release|Any CPU
		{0CA1EF59-BDDA-4453-B82C-1B72F94F363D}.Release|x86.Build.0 = Release|Any CPU
		{14DA96E8-633C-42BE-B3E3-EA6A752CBE62}.Debug|Any CPU.ActiveCfg = Debug|Any CPU
		{14DA96E8-633C-42BE-B3E3-EA6A752CBE62}.Debug|Any CPU.Build.0 = Debug|Any CPU
		{14DA96E8-633C-42BE-B3E3-EA6A752CBE62}.Debug|x64.ActiveCfg = Debug|Any CPU
		{14DA96E8-633C-42BE-B3E3-EA6A752CBE62}.Debug|x64.Build.0 = Debug|Any CPU
		{14DA96E8-633C-42BE-B3E3-EA6A752CBE62}.Debug|x86.ActiveCfg = Debug|Any CPU
		{14DA96E8-633C-42BE-B3E3-EA6A752CBE62}.Debug|x86.Build.0 = Debug|Any CPU
		{14DA96E8-633C-42BE-B3E3-EA6A752CBE62}.Release|Any CPU.ActiveCfg = Release|Any CPU
		{14DA96E8-633C-42BE-B3E3-EA6A752CBE62}.Release|Any CPU.Build.0 = Release|Any CPU
		{14DA96E8-633C-42BE-B3E3-EA6A752CBE62}.Release|x64.ActiveCfg = Release|Any CPU
		{14DA96E8-633C-42BE-B3E3-EA6A752CBE62}.Release|x64.Build.0 = Release|Any CPU
		{14DA96E8-633C-42BE-B3E3-EA6A752CBE62}.Release|x86.ActiveCfg = Release|Any CPU
		{14DA96E8-633C-42BE-B3E3-EA6A752CBE62}.Release|x86.Build.0 = Release|Any CPU
		{F2EE3848-CC2B-4E0C-B30B-13CC1776D227}.Debug|Any CPU.ActiveCfg = Debug|Any CPU
		{F2EE3848-CC2B-4E0C-B30B-13CC1776D227}.Debug|Any CPU.Build.0 = Debug|Any CPU
		{F2EE3848-CC2B-4E0C-B30B-13CC1776D227}.Debug|x64.ActiveCfg = Debug|Any CPU
		{F2EE3848-CC2B-4E0C-B30B-13CC1776D227}.Debug|x64.Build.0 = Debug|Any CPU
		{F2EE3848-CC2B-4E0C-B30B-13CC1776D227}.Debug|x86.ActiveCfg = Debug|Any CPU
		{F2EE3848-CC2B-4E0C-B30B-13CC1776D227}.Debug|x86.Build.0 = Debug|Any CPU
		{F2EE3848-CC2B-4E0C-B30B-13CC1776D227}.Release|Any CPU.ActiveCfg = Release|Any CPU
		{F2EE3848-CC2B-4E0C-B30B-13CC1776D227}.Release|Any CPU.Build.0 = Release|Any CPU
		{F2EE3848-CC2B-4E0C-B30B-13CC1776D227}.Release|x64.ActiveCfg = Release|Any CPU
		{F2EE3848-CC2B-4E0C-B30B-13CC1776D227}.Release|x64.Build.0 = Release|Any CPU
		{F2EE3848-CC2B-4E0C-B30B-13CC1776D227}.Release|x86.ActiveCfg = Release|Any CPU
		{F2EE3848-CC2B-4E0C-B30B-13CC1776D227}.Release|x86.Build.0 = Release|Any CPU
		{DBFE2BF4-0352-4DB2-9ACC-DF64CEFF7CEC}.Debug|Any CPU.ActiveCfg = Debug|Any CPU
		{DBFE2BF4-0352-4DB2-9ACC-DF64CEFF7CEC}.Debug|Any CPU.Build.0 = Debug|Any CPU
		{DBFE2BF4-0352-4DB2-9ACC-DF64CEFF7CEC}.Debug|x64.ActiveCfg = Debug|Any CPU
		{DBFE2BF4-0352-4DB2-9ACC-DF64CEFF7CEC}.Debug|x64.Build.0 = Debug|Any CPU
		{DBFE2BF4-0352-4DB2-9ACC-DF64CEFF7CEC}.Debug|x86.ActiveCfg = Debug|Any CPU
		{DBFE2BF4-0352-4DB2-9ACC-DF64CEFF7CEC}.Debug|x86.Build.0 = Debug|Any CPU
		{DBFE2BF4-0352-4DB2-9ACC-DF64CEFF7CEC}.Release|Any CPU.ActiveCfg = Release|Any CPU
		{DBFE2BF4-0352-4DB2-9ACC-DF64CEFF7CEC}.Release|Any CPU.Build.0 = Release|Any CPU
		{DBFE2BF4-0352-4DB2-9ACC-DF64CEFF7CEC}.Release|x64.ActiveCfg = Release|Any CPU
		{DBFE2BF4-0352-4DB2-9ACC-DF64CEFF7CEC}.Release|x64.Build.0 = Release|Any CPU
		{DBFE2BF4-0352-4DB2-9ACC-DF64CEFF7CEC}.Release|x86.ActiveCfg = Release|Any CPU
		{DBFE2BF4-0352-4DB2-9ACC-DF64CEFF7CEC}.Release|x86.Build.0 = Release|Any CPU
		{08A89F3E-6ACB-4C63-8DCA-8D88424AB147}.Debug|Any CPU.ActiveCfg = Debug|Any CPU
		{08A89F3E-6ACB-4C63-8DCA-8D88424AB147}.Debug|Any CPU.Build.0 = Debug|Any CPU
		{08A89F3E-6ACB-4C63-8DCA-8D88424AB147}.Debug|x64.ActiveCfg = Debug|Any CPU
		{08A89F3E-6ACB-4C63-8DCA-8D88424AB147}.Debug|x64.Build.0 = Debug|Any CPU
		{08A89F3E-6ACB-4C63-8DCA-8D88424AB147}.Debug|x86.ActiveCfg = Debug|Any CPU
		{08A89F3E-6ACB-4C63-8DCA-8D88424AB147}.Debug|x86.Build.0 = Debug|Any CPU
		{08A89F3E-6ACB-4C63-8DCA-8D88424AB147}.Release|Any CPU.ActiveCfg = Release|Any CPU
		{08A89F3E-6ACB-4C63-8DCA-8D88424AB147}.Release|Any CPU.Build.0 = Release|Any CPU
		{08A89F3E-6ACB-4C63-8DCA-8D88424AB147}.Release|x64.ActiveCfg = Release|Any CPU
		{08A89F3E-6ACB-4C63-8DCA-8D88424AB147}.Release|x64.Build.0 = Release|Any CPU
		{08A89F3E-6ACB-4C63-8DCA-8D88424AB147}.Release|x86.ActiveCfg = Release|Any CPU
		{08A89F3E-6ACB-4C63-8DCA-8D88424AB147}.Release|x86.Build.0 = Release|Any CPU
		{3FF179EB-3DC4-4CAE-9795-5C27934C0030}.Debug|Any CPU.ActiveCfg = Debug|Any CPU
		{3FF179EB-3DC4-4CAE-9795-5C27934C0030}.Debug|Any CPU.Build.0 = Debug|Any CPU
		{3FF179EB-3DC4-4CAE-9795-5C27934C0030}.Debug|x64.ActiveCfg = Debug|Any CPU
		{3FF179EB-3DC4-4CAE-9795-5C27934C0030}.Debug|x64.Build.0 = Debug|Any CPU
		{3FF179EB-3DC4-4CAE-9795-5C27934C0030}.Debug|x86.ActiveCfg = Debug|Any CPU
		{3FF179EB-3DC4-4CAE-9795-5C27934C0030}.Debug|x86.Build.0 = Debug|Any CPU
		{3FF179EB-3DC4-4CAE-9795-5C27934C0030}.Release|Any CPU.ActiveCfg = Release|Any CPU
		{3FF179EB-3DC4-4CAE-9795-5C27934C0030}.Release|Any CPU.Build.0 = Release|Any CPU
		{3FF179EB-3DC4-4CAE-9795-5C27934C0030}.Release|x64.ActiveCfg = Release|Any CPU
		{3FF179EB-3DC4-4CAE-9795-5C27934C0030}.Release|x64.Build.0 = Release|Any CPU
		{3FF179EB-3DC4-4CAE-9795-5C27934C0030}.Release|x86.ActiveCfg = Release|Any CPU
		{3FF179EB-3DC4-4CAE-9795-5C27934C0030}.Release|x86.Build.0 = Release|Any CPU
		{7558038D-9E86-4726-8DB6-5941DFEDE53D}.Debug|Any CPU.ActiveCfg = Debug|Any CPU
		{7558038D-9E86-4726-8DB6-5941DFEDE53D}.Debug|Any CPU.Build.0 = Debug|Any CPU
		{7558038D-9E86-4726-8DB6-5941DFEDE53D}.Debug|x64.ActiveCfg = Debug|Any CPU
		{7558038D-9E86-4726-8DB6-5941DFEDE53D}.Debug|x64.Build.0 = Debug|Any CPU
		{7558038D-9E86-4726-8DB6-5941DFEDE53D}.Debug|x86.ActiveCfg = Debug|Any CPU
		{7558038D-9E86-4726-8DB6-5941DFEDE53D}.Debug|x86.Build.0 = Debug|Any CPU
		{7558038D-9E86-4726-8DB6-5941DFEDE53D}.Release|Any CPU.ActiveCfg = Release|Any CPU
		{7558038D-9E86-4726-8DB6-5941DFEDE53D}.Release|Any CPU.Build.0 = Release|Any CPU
		{7558038D-9E86-4726-8DB6-5941DFEDE53D}.Release|x64.ActiveCfg = Release|Any CPU
		{7558038D-9E86-4726-8DB6-5941DFEDE53D}.Release|x64.Build.0 = Release|Any CPU
		{7558038D-9E86-4726-8DB6-5941DFEDE53D}.Release|x86.ActiveCfg = Release|Any CPU
		{7558038D-9E86-4726-8DB6-5941DFEDE53D}.Release|x86.Build.0 = Release|Any CPU
		{356D37A6-2AF2-416B-9BE2-BD20BEE90349}.Debug|Any CPU.ActiveCfg = Debug|Any CPU
		{356D37A6-2AF2-416B-9BE2-BD20BEE90349}.Debug|Any CPU.Build.0 = Debug|Any CPU
		{356D37A6-2AF2-416B-9BE2-BD20BEE90349}.Debug|x64.ActiveCfg = Debug|Any CPU
		{356D37A6-2AF2-416B-9BE2-BD20BEE90349}.Debug|x64.Build.0 = Debug|Any CPU
		{356D37A6-2AF2-416B-9BE2-BD20BEE90349}.Debug|x86.ActiveCfg = Debug|Any CPU
		{356D37A6-2AF2-416B-9BE2-BD20BEE90349}.Debug|x86.Build.0 = Debug|Any CPU
		{356D37A6-2AF2-416B-9BE2-BD20BEE90349}.Release|Any CPU.ActiveCfg = Release|Any CPU
		{356D37A6-2AF2-416B-9BE2-BD20BEE90349}.Release|Any CPU.Build.0 = Release|Any CPU
		{356D37A6-2AF2-416B-9BE2-BD20BEE90349}.Release|x64.ActiveCfg = Release|Any CPU
		{356D37A6-2AF2-416B-9BE2-BD20BEE90349}.Release|x64.Build.0 = Release|Any CPU
		{356D37A6-2AF2-416B-9BE2-BD20BEE90349}.Release|x86.ActiveCfg = Release|Any CPU
		{356D37A6-2AF2-416B-9BE2-BD20BEE90349}.Release|x86.Build.0 = Release|Any CPU
		{2340ED32-24DF-4836-B73B-9D8CE90AA533}.Debug|Any CPU.ActiveCfg = Debug|Any CPU
		{2340ED32-24DF-4836-B73B-9D8CE90AA533}.Debug|Any CPU.Build.0 = Debug|Any CPU
		{2340ED32-24DF-4836-B73B-9D8CE90AA533}.Debug|x64.ActiveCfg = Debug|Any CPU
		{2340ED32-24DF-4836-B73B-9D8CE90AA533}.Debug|x64.Build.0 = Debug|Any CPU
		{2340ED32-24DF-4836-B73B-9D8CE90AA533}.Debug|x86.ActiveCfg = Debug|Any CPU
		{2340ED32-24DF-4836-B73B-9D8CE90AA533}.Debug|x86.Build.0 = Debug|Any CPU
		{2340ED32-24DF-4836-B73B-9D8CE90AA533}.Release|Any CPU.ActiveCfg = Release|Any CPU
		{2340ED32-24DF-4836-B73B-9D8CE90AA533}.Release|Any CPU.Build.0 = Release|Any CPU
		{2340ED32-24DF-4836-B73B-9D8CE90AA533}.Release|x64.ActiveCfg = Release|Any CPU
		{2340ED32-24DF-4836-B73B-9D8CE90AA533}.Release|x64.Build.0 = Release|Any CPU
		{2340ED32-24DF-4836-B73B-9D8CE90AA533}.Release|x86.ActiveCfg = Release|Any CPU
		{2340ED32-24DF-4836-B73B-9D8CE90AA533}.Release|x86.Build.0 = Release|Any CPU
		{55EA754D-76A3-4DCA-818A-6A8355FF1264}.Debug|Any CPU.ActiveCfg = Debug|Any CPU
		{55EA754D-76A3-4DCA-818A-6A8355FF1264}.Debug|Any CPU.Build.0 = Debug|Any CPU
		{55EA754D-76A3-4DCA-818A-6A8355FF1264}.Debug|x64.ActiveCfg = Debug|Any CPU
		{55EA754D-76A3-4DCA-818A-6A8355FF1264}.Debug|x64.Build.0 = Debug|Any CPU
		{55EA754D-76A3-4DCA-818A-6A8355FF1264}.Debug|x86.ActiveCfg = Debug|Any CPU
		{55EA754D-76A3-4DCA-818A-6A8355FF1264}.Debug|x86.Build.0 = Debug|Any CPU
		{55EA754D-76A3-4DCA-818A-6A8355FF1264}.Release|Any CPU.ActiveCfg = Release|Any CPU
		{55EA754D-76A3-4DCA-818A-6A8355FF1264}.Release|Any CPU.Build.0 = Release|Any CPU
		{55EA754D-76A3-4DCA-818A-6A8355FF1264}.Release|x64.ActiveCfg = Release|Any CPU
		{55EA754D-76A3-4DCA-818A-6A8355FF1264}.Release|x64.Build.0 = Release|Any CPU
		{55EA754D-76A3-4DCA-818A-6A8355FF1264}.Release|x86.ActiveCfg = Release|Any CPU
		{55EA754D-76A3-4DCA-818A-6A8355FF1264}.Release|x86.Build.0 = Release|Any CPU
		{71CFB7E3-7C7D-4389-B80A-D2E276E36B8A}.Debug|Any CPU.ActiveCfg = Debug|Any CPU
		{71CFB7E3-7C7D-4389-B80A-D2E276E36B8A}.Debug|Any CPU.Build.0 = Debug|Any CPU
		{71CFB7E3-7C7D-4389-B80A-D2E276E36B8A}.Debug|x64.ActiveCfg = Debug|Any CPU
		{71CFB7E3-7C7D-4389-B80A-D2E276E36B8A}.Debug|x64.Build.0 = Debug|Any CPU
		{71CFB7E3-7C7D-4389-B80A-D2E276E36B8A}.Debug|x86.ActiveCfg = Debug|Any CPU
		{71CFB7E3-7C7D-4389-B80A-D2E276E36B8A}.Debug|x86.Build.0 = Debug|Any CPU
		{71CFB7E3-7C7D-4389-B80A-D2E276E36B8A}.Release|Any CPU.ActiveCfg = Release|Any CPU
		{71CFB7E3-7C7D-4389-B80A-D2E276E36B8A}.Release|Any CPU.Build.0 = Release|Any CPU
		{71CFB7E3-7C7D-4389-B80A-D2E276E36B8A}.Release|x64.ActiveCfg = Release|Any CPU
		{71CFB7E3-7C7D-4389-B80A-D2E276E36B8A}.Release|x64.Build.0 = Release|Any CPU
		{71CFB7E3-7C7D-4389-B80A-D2E276E36B8A}.Release|x86.ActiveCfg = Release|Any CPU
		{71CFB7E3-7C7D-4389-B80A-D2E276E36B8A}.Release|x86.Build.0 = Release|Any CPU
		{64AC2346-0027-4A03-8984-1638E5A9A288}.Debug|Any CPU.ActiveCfg = Debug|Any CPU
		{64AC2346-0027-4A03-8984-1638E5A9A288}.Debug|Any CPU.Build.0 = Debug|Any CPU
		{64AC2346-0027-4A03-8984-1638E5A9A288}.Debug|x64.ActiveCfg = Debug|Any CPU
		{64AC2346-0027-4A03-8984-1638E5A9A288}.Debug|x64.Build.0 = Debug|Any CPU
		{64AC2346-0027-4A03-8984-1638E5A9A288}.Debug|x86.ActiveCfg = Debug|Any CPU
		{64AC2346-0027-4A03-8984-1638E5A9A288}.Debug|x86.Build.0 = Debug|Any CPU
		{64AC2346-0027-4A03-8984-1638E5A9A288}.Release|Any CPU.ActiveCfg = Release|Any CPU
		{64AC2346-0027-4A03-8984-1638E5A9A288}.Release|Any CPU.Build.0 = Release|Any CPU
		{64AC2346-0027-4A03-8984-1638E5A9A288}.Release|x64.ActiveCfg = Release|Any CPU
		{64AC2346-0027-4A03-8984-1638E5A9A288}.Release|x64.Build.0 = Release|Any CPU
		{64AC2346-0027-4A03-8984-1638E5A9A288}.Release|x86.ActiveCfg = Release|Any CPU
		{64AC2346-0027-4A03-8984-1638E5A9A288}.Release|x86.Build.0 = Release|Any CPU
		{894812C6-BA48-45DE-9B91-167EC6A24F54}.Debug|Any CPU.ActiveCfg = Debug|Any CPU
		{894812C6-BA48-45DE-9B91-167EC6A24F54}.Debug|Any CPU.Build.0 = Debug|Any CPU
		{894812C6-BA48-45DE-9B91-167EC6A24F54}.Debug|x64.ActiveCfg = Debug|Any CPU
		{894812C6-BA48-45DE-9B91-167EC6A24F54}.Debug|x64.Build.0 = Debug|Any CPU
		{894812C6-BA48-45DE-9B91-167EC6A24F54}.Debug|x86.ActiveCfg = Debug|Any CPU
		{894812C6-BA48-45DE-9B91-167EC6A24F54}.Debug|x86.Build.0 = Debug|Any CPU
		{894812C6-BA48-45DE-9B91-167EC6A24F54}.Release|Any CPU.ActiveCfg = Release|Any CPU
		{894812C6-BA48-45DE-9B91-167EC6A24F54}.Release|Any CPU.Build.0 = Release|Any CPU
		{894812C6-BA48-45DE-9B91-167EC6A24F54}.Release|x64.ActiveCfg = Release|Any CPU
		{894812C6-BA48-45DE-9B91-167EC6A24F54}.Release|x64.Build.0 = Release|Any CPU
		{894812C6-BA48-45DE-9B91-167EC6A24F54}.Release|x86.ActiveCfg = Release|Any CPU
		{894812C6-BA48-45DE-9B91-167EC6A24F54}.Release|x86.Build.0 = Release|Any CPU
		{5900E102-D13B-4428-826A-CB4FF08F9B27}.Debug|Any CPU.ActiveCfg = Debug|Any CPU
		{5900E102-D13B-4428-826A-CB4FF08F9B27}.Debug|Any CPU.Build.0 = Debug|Any CPU
		{5900E102-D13B-4428-826A-CB4FF08F9B27}.Debug|x64.ActiveCfg = Debug|Any CPU
		{5900E102-D13B-4428-826A-CB4FF08F9B27}.Debug|x64.Build.0 = Debug|Any CPU
		{5900E102-D13B-4428-826A-CB4FF08F9B27}.Debug|x86.ActiveCfg = Debug|Any CPU
		{5900E102-D13B-4428-826A-CB4FF08F9B27}.Debug|x86.Build.0 = Debug|Any CPU
		{5900E102-D13B-4428-826A-CB4FF08F9B27}.Release|Any CPU.ActiveCfg = Release|Any CPU
		{5900E102-D13B-4428-826A-CB4FF08F9B27}.Release|Any CPU.Build.0 = Release|Any CPU
		{5900E102-D13B-4428-826A-CB4FF08F9B27}.Release|x64.ActiveCfg = Release|Any CPU
		{5900E102-D13B-4428-826A-CB4FF08F9B27}.Release|x64.Build.0 = Release|Any CPU
		{5900E102-D13B-4428-826A-CB4FF08F9B27}.Release|x86.ActiveCfg = Release|Any CPU
		{5900E102-D13B-4428-826A-CB4FF08F9B27}.Release|x86.Build.0 = Release|Any CPU
		{B7223CE5-8672-45F9-A59D-73B53232416A}.Debug|Any CPU.ActiveCfg = Debug|Any CPU
		{B7223CE5-8672-45F9-A59D-73B53232416A}.Debug|Any CPU.Build.0 = Debug|Any CPU
		{B7223CE5-8672-45F9-A59D-73B53232416A}.Debug|x64.ActiveCfg = Debug|Any CPU
		{B7223CE5-8672-45F9-A59D-73B53232416A}.Debug|x64.Build.0 = Debug|Any CPU
		{B7223CE5-8672-45F9-A59D-73B53232416A}.Debug|x86.ActiveCfg = Debug|Any CPU
		{B7223CE5-8672-45F9-A59D-73B53232416A}.Debug|x86.Build.0 = Debug|Any CPU
		{B7223CE5-8672-45F9-A59D-73B53232416A}.Release|Any CPU.ActiveCfg = Release|Any CPU
		{B7223CE5-8672-45F9-A59D-73B53232416A}.Release|Any CPU.Build.0 = Release|Any CPU
		{B7223CE5-8672-45F9-A59D-73B53232416A}.Release|x64.ActiveCfg = Release|Any CPU
		{B7223CE5-8672-45F9-A59D-73B53232416A}.Release|x64.Build.0 = Release|Any CPU
		{B7223CE5-8672-45F9-A59D-73B53232416A}.Release|x86.ActiveCfg = Release|Any CPU
		{B7223CE5-8672-45F9-A59D-73B53232416A}.Release|x86.Build.0 = Release|Any CPU
		{031B2251-9D3A-4816-8774-4E4740E5E852}.Debug|Any CPU.ActiveCfg = Debug|Any CPU
		{031B2251-9D3A-4816-8774-4E4740E5E852}.Debug|Any CPU.Build.0 = Debug|Any CPU
		{031B2251-9D3A-4816-8774-4E4740E5E852}.Debug|x64.ActiveCfg = Debug|Any CPU
		{031B2251-9D3A-4816-8774-4E4740E5E852}.Debug|x64.Build.0 = Debug|Any CPU
		{031B2251-9D3A-4816-8774-4E4740E5E852}.Debug|x86.ActiveCfg = Debug|Any CPU
		{031B2251-9D3A-4816-8774-4E4740E5E852}.Debug|x86.Build.0 = Debug|Any CPU
		{031B2251-9D3A-4816-8774-4E4740E5E852}.Release|Any CPU.ActiveCfg = Release|Any CPU
		{031B2251-9D3A-4816-8774-4E4740E5E852}.Release|Any CPU.Build.0 = Release|Any CPU
		{031B2251-9D3A-4816-8774-4E4740E5E852}.Release|x64.ActiveCfg = Release|Any CPU
		{031B2251-9D3A-4816-8774-4E4740E5E852}.Release|x64.Build.0 = Release|Any CPU
		{031B2251-9D3A-4816-8774-4E4740E5E852}.Release|x86.ActiveCfg = Release|Any CPU
		{031B2251-9D3A-4816-8774-4E4740E5E852}.Release|x86.Build.0 = Release|Any CPU
		{0287608E-618C-4A25-A6EE-9A7889E86AD3}.Debug|Any CPU.ActiveCfg = Debug|Any CPU
		{0287608E-618C-4A25-A6EE-9A7889E86AD3}.Debug|Any CPU.Build.0 = Debug|Any CPU
		{0287608E-618C-4A25-A6EE-9A7889E86AD3}.Debug|x64.ActiveCfg = Debug|Any CPU
		{0287608E-618C-4A25-A6EE-9A7889E86AD3}.Debug|x64.Build.0 = Debug|Any CPU
		{0287608E-618C-4A25-A6EE-9A7889E86AD3}.Debug|x86.ActiveCfg = Debug|Any CPU
		{0287608E-618C-4A25-A6EE-9A7889E86AD3}.Debug|x86.Build.0 = Debug|Any CPU
		{0287608E-618C-4A25-A6EE-9A7889E86AD3}.Release|Any CPU.ActiveCfg = Release|Any CPU
		{0287608E-618C-4A25-A6EE-9A7889E86AD3}.Release|Any CPU.Build.0 = Release|Any CPU
		{0287608E-618C-4A25-A6EE-9A7889E86AD3}.Release|x64.ActiveCfg = Release|Any CPU
		{0287608E-618C-4A25-A6EE-9A7889E86AD3}.Release|x64.Build.0 = Release|Any CPU
		{0287608E-618C-4A25-A6EE-9A7889E86AD3}.Release|x86.ActiveCfg = Release|Any CPU
		{0287608E-618C-4A25-A6EE-9A7889E86AD3}.Release|x86.Build.0 = Release|Any CPU
		{E0080004-26BE-49C8-9689-2656C3B00CE4}.Debug|Any CPU.ActiveCfg = Debug|Any CPU
		{E0080004-26BE-49C8-9689-2656C3B00CE4}.Debug|Any CPU.Build.0 = Debug|Any CPU
		{E0080004-26BE-49C8-9689-2656C3B00CE4}.Debug|x64.ActiveCfg = Debug|Any CPU
		{E0080004-26BE-49C8-9689-2656C3B00CE4}.Debug|x64.Build.0 = Debug|Any CPU
		{E0080004-26BE-49C8-9689-2656C3B00CE4}.Debug|x86.ActiveCfg = Debug|Any CPU
		{E0080004-26BE-49C8-9689-2656C3B00CE4}.Debug|x86.Build.0 = Debug|Any CPU
		{E0080004-26BE-49C8-9689-2656C3B00CE4}.Release|Any CPU.ActiveCfg = Release|Any CPU
		{E0080004-26BE-49C8-9689-2656C3B00CE4}.Release|Any CPU.Build.0 = Release|Any CPU
		{E0080004-26BE-49C8-9689-2656C3B00CE4}.Release|x64.ActiveCfg = Release|Any CPU
		{E0080004-26BE-49C8-9689-2656C3B00CE4}.Release|x64.Build.0 = Release|Any CPU
		{E0080004-26BE-49C8-9689-2656C3B00CE4}.Release|x86.ActiveCfg = Release|Any CPU
		{E0080004-26BE-49C8-9689-2656C3B00CE4}.Release|x86.Build.0 = Release|Any CPU
	EndGlobalSection
	GlobalSection(SolutionProperties) = preSolution
		HideSolutionNode = FALSE
	EndGlobalSection
	GlobalSection(NestedProjects) = preSolution
		{0CA1EF59-BDDA-4453-B82C-1B72F94F363D} = {827E0CD3-B72D-47B6-A68D-7590B98EB39B}
		{14DA96E8-633C-42BE-B3E3-EA6A752CBE62} = {827E0CD3-B72D-47B6-A68D-7590B98EB39B}
		{F2EE3848-CC2B-4E0C-B30B-13CC1776D227} = {827E0CD3-B72D-47B6-A68D-7590B98EB39B}
		{DBFE2BF4-0352-4DB2-9ACC-DF64CEFF7CEC} = {827E0CD3-B72D-47B6-A68D-7590B98EB39B}
		{08A89F3E-6ACB-4C63-8DCA-8D88424AB147} = {827E0CD3-B72D-47B6-A68D-7590B98EB39B}
		{3FF179EB-3DC4-4CAE-9795-5C27934C0030} = {827E0CD3-B72D-47B6-A68D-7590B98EB39B}
		{7558038D-9E86-4726-8DB6-5941DFEDE53D} = {827E0CD3-B72D-47B6-A68D-7590B98EB39B}
		{356D37A6-2AF2-416B-9BE2-BD20BEE90349} = {827E0CD3-B72D-47B6-A68D-7590B98EB39B}
		{2340ED32-24DF-4836-B73B-9D8CE90AA533} = {827E0CD3-B72D-47B6-A68D-7590B98EB39B}
		{55EA754D-76A3-4DCA-818A-6A8355FF1264} = {0AB3BF05-4346-4AA6-1389-037BE0695223}
		{71CFB7E3-7C7D-4389-B80A-D2E276E36B8A} = {0AB3BF05-4346-4AA6-1389-037BE0695223}
		{64AC2346-0027-4A03-8984-1638E5A9A288} = {0AB3BF05-4346-4AA6-1389-037BE0695223}
		{894812C6-BA48-45DE-9B91-167EC6A24F54} = {0AB3BF05-4346-4AA6-1389-037BE0695223}
		{5900E102-D13B-4428-826A-CB4FF08F9B27} = {0AB3BF05-4346-4AA6-1389-037BE0695223}
		{B7223CE5-8672-45F9-A59D-73B53232416A} = {0AB3BF05-4346-4AA6-1389-037BE0695223}
		{031B2251-9D3A-4816-8774-4E4740E5E852} = {0AB3BF05-4346-4AA6-1389-037BE0695223}
		{0287608E-618C-4A25-A6EE-9A7889E86AD3} = {0AB3BF05-4346-4AA6-1389-037BE0695223}
		{E0080004-26BE-49C8-9689-2656C3B00CE4} = {0AB3BF05-4346-4AA6-1389-037BE0695223}
	EndGlobalSection
EndGlobal
